// !$*UTF8*$!
{
	archiveVersion = 1;
	classes = {
	};
	objectVersion = 56;
	objects = {

/* Begin PBXBuildFile section */
		1098B5202BA87CBB00950B48 /* AppDelegate.swift in Sources */ = {isa = PBXBuildFile; fileRef = 1098B51F2BA87CBB00950B48 /* AppDelegate.swift */; };
		1098B5222BA87CBB00950B48 /* SceneDelegate.swift in Sources */ = {isa = PBXBuildFile; fileRef = 1098B5212BA87CBB00950B48 /* SceneDelegate.swift */; };
		1098B5242BA87CBB00950B48 /* FirstViewController.swift in Sources */ = {isa = PBXBuildFile; fileRef = 1098B5232BA87CBB00950B48 /* FirstViewController.swift */; };
		1098B5292BA87CBD00950B48 /* Assets.xcassets in Resources */ = {isa = PBXBuildFile; fileRef = 1098B5282BA87CBD00950B48 /* Assets.xcassets */; };
		1098B5372BA87CBD00950B48 /* MultithreadingTests.swift in Sources */ = {isa = PBXBuildFile; fileRef = 1098B5362BA87CBD00950B48 /* MultithreadingTests.swift */; };
		1098B5412BA87CBD00950B48 /* MultithreadingUITests.swift in Sources */ = {isa = PBXBuildFile; fileRef = 1098B5402BA87CBD00950B48 /* MultithreadingUITests.swift */; };
		1098B5432BA87CBD00950B48 /* MultithreadingUITestsLaunchTests.swift in Sources */ = {isa = PBXBuildFile; fileRef = 1098B5422BA87CBD00950B48 /* MultithreadingUITestsLaunchTests.swift */; };
/* End PBXBuildFile section */

/* Begin PBXContainerItemProxy section */
		1098B5332BA87CBD00950B48 /* PBXContainerItemProxy */ = {
			isa = PBXContainerItemProxy;
			containerPortal = 1098B5142BA87CBB00950B48 /* Project object */;
			proxyType = 1;
			remoteGlobalIDString = 1098B51B2BA87CBB00950B48;
			remoteInfo = Multithreading;
		};
		1098B53D2BA87CBD00950B48 /* PBXContainerItemProxy */ = {
			isa = PBXContainerItemProxy;
			containerPortal = 1098B5142BA87CBB00950B48 /* Project object */;
			proxyType = 1;
			remoteGlobalIDString = 1098B51B2BA87CBB00950B48;
			remoteInfo = Multithreading;
		};
/* End PBXContainerItemProxy section */

/* Begin PBXFileReference section */
		1098B51C2BA87CBB00950B48 /* Multithreading.app */ = {isa = PBXFileReference; explicitFileType = wrapper.application; includeInIndex = 0; path = Multithreading.app; sourceTree = BUILT_PRODUCTS_DIR; };
		1098B51F2BA87CBB00950B48 /* AppDelegate.swift */ = {isa = PBXFileReference; lastKnownFileType = sourcecode.swift; path = AppDelegate.swift; sourceTree = "<group>"; };
		1098B5212BA87CBB00950B48 /* SceneDelegate.swift */ = {isa = PBXFileReference; lastKnownFileType = sourcecode.swift; path = SceneDelegate.swift; sourceTree = "<group>"; };
		1098B5232BA87CBB00950B48 /* FirstViewController.swift */ = {isa = PBXFileReference; lastKnownFileType = sourcecode.swift; path = FirstViewController.swift; sourceTree = "<group>"; };
		1098B5282BA87CBD00950B48 /* Assets.xcassets */ = {isa = PBXFileReference; lastKnownFileType = folder.assetcatalog; path = Assets.xcassets; sourceTree = "<group>"; };
		1098B52D2BA87CBD00950B48 /* Info.plist */ = {isa = PBXFileReference; lastKnownFileType = text.plist.xml; path = Info.plist; sourceTree = "<group>"; };
		1098B5322BA87CBD00950B48 /* MultithreadingTests.xctest */ = {isa = PBXFileReference; explicitFileType = wrapper.cfbundle; includeInIndex = 0; path = MultithreadingTests.xctest; sourceTree = BUILT_PRODUCTS_DIR; };
		1098B5362BA87CBD00950B48 /* MultithreadingTests.swift */ = {isa = PBXFileReference; lastKnownFileType = sourcecode.swift; path = MultithreadingTests.swift; sourceTree = "<group>"; };
		1098B53C2BA87CBD00950B48 /* MultithreadingUITests.xctest */ = {isa = PBXFileReference; explicitFileType = wrapper.cfbundle; includeInIndex = 0; path = MultithreadingUITests.xctest; sourceTree = BUILT_PRODUCTS_DIR; };
		1098B5402BA87CBD00950B48 /* MultithreadingUITests.swift */ = {isa = PBXFileReference; lastKnownFileType = sourcecode.swift; path = MultithreadingUITests.swift; sourceTree = "<group>"; };
		1098B5422BA87CBD00950B48 /* MultithreadingUITestsLaunchTests.swift */ = {isa = PBXFileReference; lastKnownFileType = sourcecode.swift; path = MultithreadingUITestsLaunchTests.swift; sourceTree = "<group>"; };
/* End PBXFileReference section */

/* Begin PBXFrameworksBuildPhase section */
		1098B5192BA87CBB00950B48 /* Frameworks */ = {
			isa = PBXFrameworksBuildPhase;
			buildActionMask = 2147483647;
			files = (
			);
			runOnlyForDeploymentPostprocessing = 0;
		};
		1098B52F2BA87CBD00950B48 /* Frameworks */ = {
			isa = PBXFrameworksBuildPhase;
			buildActionMask = 2147483647;
			files = (
			);
			runOnlyForDeploymentPostprocessing = 0;
		};
		1098B5392BA87CBD00950B48 /* Frameworks */ = {
			isa = PBXFrameworksBuildPhase;
			buildActionMask = 2147483647;
			files = (
			);
			runOnlyForDeploymentPostprocessing = 0;
		};
/* End PBXFrameworksBuildPhase section */

/* Begin PBXGroup section */
		1098B5132BA87CBB00950B48 = {
			isa = PBXGroup;
			children = (
				1098B51E2BA87CBB00950B48 /* Multithreading */,
				1098B5352BA87CBD00950B48 /* MultithreadingTests */,
				1098B53F2BA87CBD00950B48 /* MultithreadingUITests */,
				1098B51D2BA87CBB00950B48 /* Products */,
			);
			sourceTree = "<group>";
		};
		1098B51D2BA87CBB00950B48 /* Products */ = {
			isa = PBXGroup;
			children = (
				1098B51C2BA87CBB00950B48 /* Multithreading.app */,
				1098B5322BA87CBD00950B48 /* MultithreadingTests.xctest */,
				1098B53C2BA87CBD00950B48 /* MultithreadingUITests.xctest */,
			);
			name = Products;
			sourceTree = "<group>";
		};
		1098B51E2BA87CBB00950B48 /* Multithreading */ = {
			isa = PBXGroup;
			children = (
				1098B51F2BA87CBB00950B48 /* AppDelegate.swift */,
				1098B5212BA87CBB00950B48 /* SceneDelegate.swift */,
				1098B5232BA87CBB00950B48 /* FirstViewController.swift */,
				1098B5282BA87CBD00950B48 /* Assets.xcassets */,
				1098B52D2BA87CBD00950B48 /* Info.plist */,
			);
			path = Multithreading;
			sourceTree = "<group>";
		};
		1098B5352BA87CBD00950B48 /* MultithreadingTests */ = {
			isa = PBXGroup;
			children = (
				1098B5362BA87CBD00950B48 /* MultithreadingTests.swift */,
			);
			path = MultithreadingTests;
			sourceTree = "<group>";
		};
		1098B53F2BA87CBD00950B48 /* MultithreadingUITests */ = {
			isa = PBXGroup;
			children = (
				1098B5402BA87CBD00950B48 /* MultithreadingUITests.swift */,
				1098B5422BA87CBD00950B48 /* MultithreadingUITestsLaunchTests.swift */,
			);
			path = MultithreadingUITests;
			sourceTree = "<group>";
		};
/* End PBXGroup section */

/* Begin PBXNativeTarget section */
		1098B51B2BA87CBB00950B48 /* Multithreading */ = {
			isa = PBXNativeTarget;
			buildConfigurationList = 1098B5462BA87CBD00950B48 /* Build configuration list for PBXNativeTarget "Multithreading" */;
			buildPhases = (
				1098B5182BA87CBB00950B48 /* Sources */,
				1098B5192BA87CBB00950B48 /* Frameworks */,
				1098B51A2BA87CBB00950B48 /* Resources */,
			);
			buildRules = (
			);
			dependencies = (
			);
			name = Multithreading;
			productName = Multithreading;
			productReference = 1098B51C2BA87CBB00950B48 /* Multithreading.app */;
			productType = "com.apple.product-type.application";
		};
		1098B5312BA87CBD00950B48 /* MultithreadingTests */ = {
			isa = PBXNativeTarget;
			buildConfigurationList = 1098B5492BA87CBD00950B48 /* Build configuration list for PBXNativeTarget "MultithreadingTests" */;
			buildPhases = (
				1098B52E2BA87CBD00950B48 /* Sources */,
				1098B52F2BA87CBD00950B48 /* Frameworks */,
				1098B5302BA87CBD00950B48 /* Resources */,
			);
			buildRules = (
			);
			dependencies = (
				1098B5342BA87CBD00950B48 /* PBXTargetDependency */,
			);
			name = MultithreadingTests;
			productName = MultithreadingTests;
			productReference = 1098B5322BA87CBD00950B48 /* MultithreadingTests.xctest */;
			productType = "com.apple.product-type.bundle.unit-test";
		};
		1098B53B2BA87CBD00950B48 /* MultithreadingUITests */ = {
			isa = PBXNativeTarget;
			buildConfigurationList = 1098B54C2BA87CBD00950B48 /* Build configuration list for PBXNativeTarget "MultithreadingUITests" */;
			buildPhases = (
				1098B5382BA87CBD00950B48 /* Sources */,
				1098B5392BA87CBD00950B48 /* Frameworks */,
				1098B53A2BA87CBD00950B48 /* Resources */,
			);
			buildRules = (
			);
			dependencies = (
				1098B53E2BA87CBD00950B48 /* PBXTargetDependency */,
			);
			name = MultithreadingUITests;
			productName = MultithreadingUITests;
			productReference = 1098B53C2BA87CBD00950B48 /* MultithreadingUITests.xctest */;
			productType = "com.apple.product-type.bundle.ui-testing";
		};
/* End PBXNativeTarget section */

/* Begin PBXProject section */
		1098B5142BA87CBB00950B48 /* Project object */ = {
			isa = PBXProject;
			attributes = {
				BuildIndependentTargetsInParallel = 1;
				LastSwiftUpdateCheck = 1520;
				LastUpgradeCheck = 1520;
				TargetAttributes = {
					1098B51B2BA87CBB00950B48 = {
						CreatedOnToolsVersion = 15.2;
					};
					1098B5312BA87CBD00950B48 = {
						CreatedOnToolsVersion = 15.2;
						TestTargetID = 1098B51B2BA87CBB00950B48;
					};
					1098B53B2BA87CBD00950B48 = {
						CreatedOnToolsVersion = 15.2;
						TestTargetID = 1098B51B2BA87CBB00950B48;
					};
				};
			};
			buildConfigurationList = 1098B5172BA87CBB00950B48 /* Build configuration list for PBXProject "Multithreading" */;
			compatibilityVersion = "Xcode 14.0";
			developmentRegion = en;
			hasScannedForEncodings = 0;
			knownRegions = (
				en,
				Base,
			);
			mainGroup = 1098B5132BA87CBB00950B48;
			productRefGroup = 1098B51D2BA87CBB00950B48 /* Products */;
			projectDirPath = "";
			projectRoot = "";
			targets = (
				1098B51B2BA87CBB00950B48 /* Multithreading */,
				1098B5312BA87CBD00950B48 /* MultithreadingTests */,
				1098B53B2BA87CBD00950B48 /* MultithreadingUITests */,
			);
		};
/* End PBXProject section */

/* Begin PBXResourcesBuildPhase section */
		1098B51A2BA87CBB00950B48 /* Resources */ = {
			isa = PBXResourcesBuildPhase;
			buildActionMask = 2147483647;
			files = (
				1098B5292BA87CBD00950B48 /* Assets.xcassets in Resources */,
			);
			runOnlyForDeploymentPostprocessing = 0;
		};
		1098B5302BA87CBD00950B48 /* Resources */ = {
			isa = PBXResourcesBuildPhase;
			buildActionMask = 2147483647;
			files = (
			);
			runOnlyForDeploymentPostprocessing = 0;
		};
		1098B53A2BA87CBD00950B48 /* Resources */ = {
			isa = PBXResourcesBuildPhase;
			buildActionMask = 2147483647;
			files = (
			);
			runOnlyForDeploymentPostprocessing = 0;
		};
/* End PBXResourcesBuildPhase section */

/* Begin PBXSourcesBuildPhase section */
		1098B5182BA87CBB00950B48 /* Sources */ = {
			isa = PBXSourcesBuildPhase;
			buildActionMask = 2147483647;
			files = (
				1098B5242BA87CBB00950B48 /* FirstViewController.swift in Sources */,
				1098B5202BA87CBB00950B48 /* AppDelegate.swift in Sources */,
				1098B5222BA87CBB00950B48 /* SceneDelegate.swift in Sources */,
			);
			runOnlyForDeploymentPostprocessing = 0;
		};
		1098B52E2BA87CBD00950B48 /* Sources */ = {
			isa = PBXSourcesBuildPhase;
			buildActionMask = 2147483647;
			files = (
				1098B5372BA87CBD00950B48 /* MultithreadingTests.swift in Sources */,
			);
			runOnlyForDeploymentPostprocessing = 0;
		};
		1098B5382BA87CBD00950B48 /* Sources */ = {
			isa = PBXSourcesBuildPhase;
			buildActionMask = 2147483647;
			files = (
				1098B5412BA87CBD00950B48 /* MultithreadingUITests.swift in Sources */,
				1098B5432BA87CBD00950B48 /* MultithreadingUITestsLaunchTests.swift in Sources */,
			);
			runOnlyForDeploymentPostprocessing = 0;
		};
/* End PBXSourcesBuildPhase section */

/* Begin PBXTargetDependency section */
		1098B5342BA87CBD00950B48 /* PBXTargetDependency */ = {
			isa = PBXTargetDependency;
			target = 1098B51B2BA87CBB00950B48 /* Multithreading */;
			targetProxy = 1098B5332BA87CBD00950B48 /* PBXContainerItemProxy */;
		};
		1098B53E2BA87CBD00950B48 /* PBXTargetDependency */ = {
			isa = PBXTargetDependency;
			target = 1098B51B2BA87CBB00950B48 /* Multithreading */;
			targetProxy = 1098B53D2BA87CBD00950B48 /* PBXContainerItemProxy */;
		};
/* End PBXTargetDependency section */

/* Begin XCBuildConfiguration section */
		1098B5442BA87CBD00950B48 /* Debug */ = {
			isa = XCBuildConfiguration;
			buildSettings = {
				ALWAYS_SEARCH_USER_PATHS = NO;
				ASSETCATALOG_COMPILER_GENERATE_SWIFT_ASSET_SYMBOL_EXTENSIONS = YES;
				CLANG_ANALYZER_NONNULL = YES;
				CLANG_ANALYZER_NUMBER_OBJECT_CONVERSION = YES_AGGRESSIVE;
				CLANG_CXX_LANGUAGE_STANDARD = "gnu++20";
				CLANG_ENABLE_MODULES = YES;
				CLANG_ENABLE_OBJC_ARC = YES;
				CLANG_ENABLE_OBJC_WEAK = YES;
				CLANG_WARN_BLOCK_CAPTURE_AUTORELEASING = YES;
				CLANG_WARN_BOOL_CONVERSION = YES;
				CLANG_WARN_COMMA = YES;
				CLANG_WARN_CONSTANT_CONVERSION = YES;
				CLANG_WARN_DEPRECATED_OBJC_IMPLEMENTATIONS = YES;
				CLANG_WARN_DIRECT_OBJC_ISA_USAGE = YES_ERROR;
				CLANG_WARN_DOCUMENTATION_COMMENTS = YES;
				CLANG_WARN_EMPTY_BODY = YES;
				CLANG_WARN_ENUM_CONVERSION = YES;
				CLANG_WARN_INFINITE_RECURSION = YES;
				CLANG_WARN_INT_CONVERSION = YES;
				CLANG_WARN_NON_LITERAL_NULL_CONVERSION = YES;
				CLANG_WARN_OBJC_IMPLICIT_RETAIN_SELF = YES;
				CLANG_WARN_OBJC_LITERAL_CONVERSION = YES;
				CLANG_WARN_OBJC_ROOT_CLASS = YES_ERROR;
				CLANG_WARN_QUOTED_INCLUDE_IN_FRAMEWORK_HEADER = YES;
				CLANG_WARN_RANGE_LOOP_ANALYSIS = YES;
				CLANG_WARN_STRICT_PROTOTYPES = YES;
				CLANG_WARN_SUSPICIOUS_MOVE = YES;
				CLANG_WARN_UNGUARDED_AVAILABILITY = YES_AGGRESSIVE;
				CLANG_WARN_UNREACHABLE_CODE = YES;
				CLANG_WARN__DUPLICATE_METHOD_MATCH = YES;
				COPY_PHASE_STRIP = NO;
				DEBUG_INFORMATION_FORMAT = dwarf;
				ENABLE_STRICT_OBJC_MSGSEND = YES;
				ENABLE_TESTABILITY = YES;
				ENABLE_USER_SCRIPT_SANDBOXING = YES;
				GCC_C_LANGUAGE_STANDARD = gnu17;
				GCC_DYNAMIC_NO_PIC = NO;
				GCC_NO_COMMON_BLOCKS = YES;
				GCC_OPTIMIZATION_LEVEL = 0;
				GCC_PREPROCESSOR_DEFINITIONS = (
					"DEBUG=1",
					"$(inherited)",
				);
				GCC_WARN_64_TO_32_BIT_CONVERSION = YES;
				GCC_WARN_ABOUT_RETURN_TYPE = YES_ERROR;
				GCC_WARN_UNDECLARED_SELECTOR = YES;
				GCC_WARN_UNINITIALIZED_AUTOS = YES_AGGRESSIVE;
				GCC_WARN_UNUSED_FUNCTION = YES;
				GCC_WARN_UNUSED_VARIABLE = YES;
				IPHONEOS_DEPLOYMENT_TARGET = 17.2;
				LOCALIZATION_PREFERS_STRING_CATALOGS = YES;
				MTL_ENABLE_DEBUG_INFO = INCLUDE_SOURCE;
				MTL_FAST_MATH = YES;
				ONLY_ACTIVE_ARCH = YES;
				SDKROOT = iphoneos;
				SWIFT_ACTIVE_COMPILATION_CONDITIONS = "DEBUG $(inherited)";
				SWIFT_OPTIMIZATION_LEVEL = "-Onone";
			};
			name = Debug;
		};
		1098B5452BA87CBD00950B48 /* Release */ = {
			isa = XCBuildConfiguration;
			buildSettings = {
				ALWAYS_SEARCH_USER_PATHS = NO;
				ASSETCATALOG_COMPILER_GENERATE_SWIFT_ASSET_SYMBOL_EXTENSIONS = YES;
				CLANG_ANALYZER_NONNULL = YES;
				CLANG_ANALYZER_NUMBER_OBJECT_CONVERSION = YES_AGGRESSIVE;
				CLANG_CXX_LANGUAGE_STANDARD = "gnu++20";
				CLANG_ENABLE_MODULES = YES;
				CLANG_ENABLE_OBJC_ARC = YES;
				CLANG_ENABLE_OBJC_WEAK = YES;
				CLANG_WARN_BLOCK_CAPTURE_AUTORELEASING = YES;
				CLANG_WARN_BOOL_CONVERSION = YES;
				CLANG_WARN_COMMA = YES;
				CLANG_WARN_CONSTANT_CONVERSION = YES;
				CLANG_WARN_DEPRECATED_OBJC_IMPLEMENTATIONS = YES;
				CLANG_WARN_DIRECT_OBJC_ISA_USAGE = YES_ERROR;
				CLANG_WARN_DOCUMENTATION_COMMENTS = YES;
				CLANG_WARN_EMPTY_BODY = YES;
				CLANG_WARN_ENUM_CONVERSION = YES;
				CLANG_WARN_INFINITE_RECURSION = YES;
				CLANG_WARN_INT_CONVERSION = YES;
				CLANG_WARN_NON_LITERAL_NULL_CONVERSION = YES;
				CLANG_WARN_OBJC_IMPLICIT_RETAIN_SELF = YES;
				CLANG_WARN_OBJC_LITERAL_CONVERSION = YES;
				CLANG_WARN_OBJC_ROOT_CLASS = YES_ERROR;
				CLANG_WARN_QUOTED_INCLUDE_IN_FRAMEWORK_HEADER = YES;
				CLANG_WARN_RANGE_LOOP_ANALYSIS = YES;
				CLANG_WARN_STRICT_PROTOTYPES = YES;
				CLANG_WARN_SUSPICIOUS_MOVE = YES;
				CLANG_WARN_UNGUARDED_AVAILABILITY = YES_AGGRESSIVE;
				CLANG_WARN_UNREACHABLE_CODE = YES;
				CLANG_WARN__DUPLICATE_METHOD_MATCH = YES;
				COPY_PHASE_STRIP = NO;
				DEBUG_INFORMATION_FORMAT = "dwarf-with-dsym";
				ENABLE_NS_ASSERTIONS = NO;
				ENABLE_STRICT_OBJC_MSGSEND = YES;
				ENABLE_USER_SCRIPT_SANDBOXING = YES;
				GCC_C_LANGUAGE_STANDARD = gnu17;
				GCC_NO_COMMON_BLOCKS = YES;
				GCC_WARN_64_TO_32_BIT_CONVERSION = YES;
				GCC_WARN_ABOUT_RETURN_TYPE = YES_ERROR;
				GCC_WARN_UNDECLARED_SELECTOR = YES;
				GCC_WARN_UNINITIALIZED_AUTOS = YES_AGGRESSIVE;
				GCC_WARN_UNUSED_FUNCTION = YES;
				GCC_WARN_UNUSED_VARIABLE = YES;
				IPHONEOS_DEPLOYMENT_TARGET = 17.2;
				LOCALIZATION_PREFERS_STRING_CATALOGS = YES;
				MTL_ENABLE_DEBUG_INFO = NO;
				MTL_FAST_MATH = YES;
				SDKROOT = iphoneos;
				SWIFT_COMPILATION_MODE = wholemodule;
				VALIDATE_PRODUCT = YES;
			};
			name = Release;
		};
		1098B5472BA87CBD00950B48 /* Debug */ = {
			isa = XCBuildConfiguration;
			buildSettings = {
				ASSETCATALOG_COMPILER_APPICON_NAME = AppIcon;
				ASSETCATALOG_COMPILER_GLOBAL_ACCENT_COLOR_NAME = AccentColor;
				CODE_SIGN_STYLE = Automatic;
				CURRENT_PROJECT_VERSION = 1;
				GENERATE_INFOPLIST_FILE = YES;
				INFOPLIST_FILE = Multithreading/Info.plist;
				INFOPLIST_KEY_UIApplicationSupportsIndirectInputEvents = YES;
				INFOPLIST_KEY_UILaunchStoryboardName = LaunchScreen;
				INFOPLIST_KEY_UISupportedInterfaceOrientations_iPad = "UIInterfaceOrientationPortrait UIInterfaceOrientationPortraitUpsideDown UIInterfaceOrientationLandscapeLeft UIInterfaceOrientationLandscapeRight";
				INFOPLIST_KEY_UISupportedInterfaceOrientations_iPhone = "UIInterfaceOrientationPortrait UIInterfaceOrientationLandscapeLeft UIInterfaceOrientationLandscapeRight";
				IPHONEOS_DEPLOYMENT_TARGET = 15.0;
				LD_RUNPATH_SEARCH_PATHS = (
					"$(inherited)",
					"@executable_path/Frameworks",
				);
				MARKETING_VERSION = 1.0;
				PRODUCT_BUNDLE_IDENTIFIER = build.Multithreading;
				PRODUCT_NAME = "$(TARGET_NAME)";
				SWIFT_EMIT_LOC_STRINGS = YES;
				SWIFT_VERSION = 5.0;
				TARGETED_DEVICE_FAMILY = "1,2";
			};
			name = Debug;
		};
		1098B5482BA87CBD00950B48 /* Release */ = {
			isa = XCBuildConfiguration;
			buildSettings = {
				ASSETCATALOG_COMPILER_APPICON_NAME = AppIcon;
				ASSETCATALOG_COMPILER_GLOBAL_ACCENT_COLOR_NAME = AccentColor;
				CODE_SIGN_STYLE = Automatic;
				CURRENT_PROJECT_VERSION = 1;
				GENERATE_INFOPLIST_FILE = YES;
				INFOPLIST_FILE = Multithreading/Info.plist;
				INFOPLIST_KEY_UIApplicationSupportsIndirectInputEvents = YES;
				INFOPLIST_KEY_UILaunchStoryboardName = LaunchScreen;
				INFOPLIST_KEY_UISupportedInterfaceOrientations_iPad = "UIInterfaceOrientationPortrait UIInterfaceOrientationPortraitUpsideDown UIInterfaceOrientationLandscapeLeft UIInterfaceOrientationLandscapeRight";
				INFOPLIST_KEY_UISupportedInterfaceOrientations_iPhone = "UIInterfaceOrientationPortrait UIInterfaceOrientationLandscapeLeft UIInterfaceOrientationLandscapeRight";
				IPHONEOS_DEPLOYMENT_TARGET = 15.0;
				LD_RUNPATH_SEARCH_PATHS = (
					"$(inherited)",
					"@executable_path/Frameworks",
				);
				MARKETING_VERSION = 1.0;
				PRODUCT_BUNDLE_IDENTIFIER = build.Multithreading;
				PRODUCT_NAME = "$(TARGET_NAME)";
				SWIFT_EMIT_LOC_STRINGS = YES;
				SWIFT_VERSION = 5.0;
				TARGETED_DEVICE_FAMILY = "1,2";
			};
			name = Release;
		};
		1098B54A2BA87CBD00950B48 /* Debug */ = {
			isa = XCBuildConfiguration;
			buildSettings = {
				ALWAYS_EMBED_SWIFT_STANDARD_LIBRARIES = YES;
				BUNDLE_LOADER = "$(TEST_HOST)";
				CODE_SIGN_STYLE = Automatic;
				CURRENT_PROJECT_VERSION = 1;
				GENERATE_INFOPLIST_FILE = YES;
				IPHONEOS_DEPLOYMENT_TARGET = 17.2;
				MARKETING_VERSION = 1.0;
				PRODUCT_BUNDLE_IDENTIFIER = build.MultithreadingTests;
				PRODUCT_NAME = "$(TARGET_NAME)";
				SWIFT_EMIT_LOC_STRINGS = NO;
				SWIFT_VERSION = 5.0;
				TARGETED_DEVICE_FAMILY = "1,2";
				TEST_HOST = "$(BUILT_PRODUCTS_DIR)/Multithreading.app/$(BUNDLE_EXECUTABLE_FOLDER_PATH)/Multithreading";
			};
			name = Debug;
		};
		1098B54B2BA87CBD00950B48 /* Release */ = {
			isa = XCBuildConfiguration;
			buildSettings = {
				ALWAYS_EMBED_SWIFT_STANDARD_LIBRARIES = YES;
				BUNDLE_LOADER = "$(TEST_HOST)";
				CODE_SIGN_STYLE = Automatic;
				CURRENT_PROJECT_VERSION = 1;
				GENERATE_INFOPLIST_FILE = YES;
				IPHONEOS_DEPLOYMENT_TARGET = 17.2;
				MARKETING_VERSION = 1.0;
				PRODUCT_BUNDLE_IDENTIFIER = build.MultithreadingTests;
				PRODUCT_NAME = "$(TARGET_NAME)";
				SWIFT_EMIT_LOC_STRINGS = NO;
				SWIFT_VERSION = 5.0;
				TARGETED_DEVICE_FAMILY = "1,2";
				TEST_HOST = "$(BUILT_PRODUCTS_DIR)/Multithreading.app/$(BUNDLE_EXECUTABLE_FOLDER_PATH)/Multithreading";
			};
			name = Release;
		};
		1098B54D2BA87CBD00950B48 /* Debug */ = {
			isa = XCBuildConfiguration;
			buildSettings = {
				ALWAYS_EMBED_SWIFT_STANDARD_LIBRARIES = YES;
				CODE_SIGN_STYLE = Automatic;
				CURRENT_PROJECT_VERSION = 1;
				GENERATE_INFOPLIST_FILE = YES;
				MARKETING_VERSION = 1.0;
				PRODUCT_BUNDLE_IDENTIFIER = build.MultithreadingUITests;
				PRODUCT_NAME = "$(TARGET_NAME)";
				SWIFT_EMIT_LOC_STRINGS = NO;
				SWIFT_VERSION = 5.0;
				TARGETED_DEVICE_FAMILY = "1,2";
				TEST_TARGET_NAME = Multithreading;
			};
			name = Debug;
		};
		1098B54E2BA87CBD00950B48 /* Release */ = {
			isa = XCBuildConfiguration;
			buildSettings = {
				ALWAYS_EMBED_SWIFT_STANDARD_LIBRARIES = YES;
				CODE_SIGN_STYLE = Automatic;
				CURRENT_PROJECT_VERSION = 1;
				GENERATE_INFOPLIST_FILE = YES;
				MARKETING_VERSION = 1.0;
				PRODUCT_BUNDLE_IDENTIFIER = build.MultithreadingUITests;
				PRODUCT_NAME = "$(TARGET_NAME)";
				SWIFT_EMIT_LOC_STRINGS = NO;
				SWIFT_VERSION = 5.0;
				TARGETED_DEVICE_FAMILY = "1,2";
				TEST_TARGET_NAME = Multithreading;
			};
			name = Release;
		};
/* End XCBuildConfiguration section */

/* Begin XCConfigurationList section */
		1098B5172BA87CBB00950B48 /* Build configuration list for PBXProject "Multithreading" */ = {
			isa = XCConfigurationList;
			buildConfigurations = (
				1098B5442BA87CBD00950B48 /* Debug */,
				1098B5452BA87CBD00950B48 /* Release */,
			);
			defaultConfigurationIsVisible = 0;
			defaultConfigurationName = Release;
		};
		1098B5462BA87CBD00950B48 /* Build configuration list for PBXNativeTarget "Multithreading" */ = {
			isa = XCConfigurationList;
			buildConfigurations = (
				1098B5472BA87CBD00950B48 /* Debug */,
				1098B5482BA87CBD00950B48 /* Release */,
			);
			defaultConfigurationIsVisible = 0;
			defaultConfigurationName = Release;
		};
		1098B5492BA87CBD00950B48 /* Build configuration list for PBXNativeTarget "MultithreadingTests" */ = {
			isa = XCConfigurationList;
			buildConfigurations = (
				1098B54A2BA87CBD00950B48 /* Debug */,
				1098B54B2BA87CBD00950B48 /* Release */,
			);
			defaultConfigurationIsVisible = 0;
			defaultConfigurationName = Release;
		};
		1098B54C2BA87CBD00950B48 /* Build configuration list for PBXNativeTarget "MultithreadingUITests" */ = {
			isa = XCConfigurationList;
			buildConfigurations = (
				1098B54D2BA87CBD00950B48 /* Debug */,
				1098B54E2BA87CBD00950B48 /* Release */,
			);
			defaultConfigurationIsVisible = 0;
			defaultConfigurationName = Release;
		};
/* End XCConfigurationList section */
	};
	rootObject = 1098B5142BA87CBB00950B48 /* Project object */;
}
